
Microsoft Visual Studio Solution File, Format Version 12.00
# Visual Studio Version 17
VisualStudioVersion = 17.9.34728.123
MinimumVisualStudioVersion = 10.0.40219.1
Project("{FAE04EC0-301F-11D3-BF4B-00C04F79EFBC}") = "BusinessObject", "BusinessObject\BusinessObject.csproj", "{845DEA44-9608-4605-88EB-2BA25047E54D}"
EndProject
Project("{FAE04EC0-301F-11D3-BF4B-00C04F79EFBC}") = "DataAccessLayer", "DataAccessLayer\DataAccessLayer.csproj", "{1CB52EAC-AFE3-4EE7-8EBB-151C9DBB6DD2}"
EndProject
Project("{FAE04EC0-301F-11D3-BF4B-00C04F79EFBC}") = "Repositories", "Repositories\Repositories.csproj", "{96F701B4-52DF-499C-9E1D-2D38A5880034}"
EndProject
Project("{FAE04EC0-301F-11D3-BF4B-00C04F79EFBC}") = "Services", "Services\Services.csproj", "{7BB9EAD0-B51F-4CD6-B35D-349DD9D5BF96}"
EndProject
Project("{FAE04EC0-301F-11D3-BF4B-00C04F79EFBC}") = "WpfApp", "WpfApp\WpfApp.csproj", "{F30D4BF0-538A-48E9-97E2-D4BAFC0442A1}"
EndProject
Global
	GlobalSection(SolutionConfigurationPlatforms) = preSolution
		Debug|Any CPU = Debug|Any CPU
		Release|Any CPU = Release|Any CPU
	EndGlobalSection
	GlobalSection(ProjectConfigurationPlatforms) = postSolution
		{845DEA44-9608-4605-88EB-2BA25047E54D}.Debug|Any CPU.ActiveCfg = Debug|Any CPU
		{845DEA44-9608-4605-88EB-2BA25047E54D}.Debug|Any CPU.Build.0 = Debug|Any CPU
		{845DEA44-9608-4605-88EB-2BA25047E54D}.Release|Any CPU.ActiveCfg = Release|Any CPU
		{845DEA44-9608-4605-88EB-2BA25047E54D}.Release|Any CPU.Build.0 = Release|Any CPU
		{1CB52EAC-AFE3-4EE7-8EBB-151C9DBB6DD2}.Debug|Any CPU.ActiveCfg = Debug|Any CPU
		{1CB52EAC-AFE3-4EE7-8EBB-151C9DBB6DD2}.Debug|Any CPU.Build.0 = Debug|Any CPU
		{1CB52EAC-AFE3-4EE7-8EBB-151C9DBB6DD2}.Release|Any CPU.ActiveCfg = Release|Any CPU
		{1CB52EAC-AFE3-4EE7-8EBB-151C9DBB6DD2}.Release|Any CPU.Build.0 = Release|Any CPU
		{96F701B4-52DF-499C-9E1D-2D38A5880034}.Debug|Any CPU.ActiveCfg = Debug|Any CPU
		{96F701B4-52DF-499C-9E1D-2D38A5880034}.Debug|Any CPU.Build.0 = Debug|Any CPU
		{96F701B4-52DF-499C-9E1D-2D38A5880034}.Release|Any CPU.ActiveCfg = Release|Any CPU
		{96F701B4-52DF-499C-9E1D-2D38A5880034}.Release|Any CPU.Build.0 = Release|Any CPU
		{7BB9EAD0-B51F-4CD6-B35D-349DD9D5BF96}.Debug|Any CPU.ActiveCfg = Debug|Any CPU
		{7BB9EAD0-B51F-4CD6-B35D-349DD9D5BF96}.Debug|Any CPU.Build.0 = Debug|Any CPU
		{7BB9EAD0-B51F-4CD6-B35D-349DD9D5BF96}.Release|Any CPU.ActiveCfg = Release|Any CPU
		{7BB9EAD0-B51F-4CD6-B35D-349DD9D5BF96}.Release|Any CPU.Build.0 = Release|Any CPU
		{F30D4BF0-538A-48E9-97E2-D4BAFC0442A1}.Debug|Any CPU.ActiveCfg = Debug|Any CPU
		{F30D4BF0-538A-48E9-97E2-D4BAFC0442A1}.Debug|Any CPU.Build.0 = Debug|Any CPU
		{F30D4BF0-538A-48E9-97E2-D4BAFC0442A1}.Release|Any CPU.ActiveCfg = Release|Any CPU
		{F30D4BF0-538A-48E9-97E2-D4BAFC0442A1}.Release|Any CPU.Build.0 = Release|Any CPU
	EndGlobalSection
	GlobalSection(SolutionProperties) = preSolution
		HideSolutionNode = FALSE
	EndGlobalSection
	GlobalSection(ExtensibilityGlobals) = postSolution
		SolutionGuid = {DF7901E1-AC4D-43A6-84E6-05CBCC1B75BC}
	EndGlobalSection
EndGlobal
